
Microsoft Visual Studio Solution File, Format Version 12.00
# Visual Studio Version 16
VisualStudioVersion = 25.0.1705.2
MinimumVisualStudioVersion = 10.0.40219.1
Project("{FAE04EC0-301F-11D3-BF4B-00C04F79EFBC}") = "API", "API\API.csproj", "{74315265-F559-4536-A79F-D21581269CC4}"
EndProject
Global
	GlobalSection(SolutionConfigurationPlatforms) = preSolution
		Debug|Any CPU = Debug|Any CPU
		Release|Any CPU = Release|Any CPU
	EndGlobalSection
	GlobalSection(ProjectConfigurationPlatforms) = postSolution
		{74315265-F559-4536-A79F-D21581269CC4}.Debug|Any CPU.ActiveCfg = Debug|Any CPU
		{74315265-F559-4536-A79F-D21581269CC4}.Debug|Any CPU.Build.0 = Debug|Any CPU
		{74315265-F559-4536-A79F-D21581269CC4}.Release|Any CPU.ActiveCfg = Release|Any CPU
		{74315265-F559-4536-A79F-D21581269CC4}.Release|Any CPU.Build.0 = Release|Any CPU
	EndGlobalSection
	GlobalSection(SolutionProperties) = preSolution
		HideSolutionNode = FALSE
	EndGlobalSection
	GlobalSection(ExtensibilityGlobals) = postSolution
		SolutionGuid = {F97F24E8-BF4B-4B81-8A40-BAE995148B30}
	EndGlobalSection
EndGlobal
